
Microsoft Visual Studio Solution File, Format Version 12.00
# Visual Studio Version 17
VisualStudioVersion = 17.10.34916.146
MinimumVisualStudioVersion = 10.0.40219.1
Project("{FAE04EC0-301F-11D3-BF4B-00C04F79EFBC}") = "VP_drawingPolygons_kol2", "VP_drawingPolygons_kol2\VP_drawingPolygons_kol2.csproj", "{BE394B39-AC73-4EF8-8021-30B09A15A224}"
EndProject
Global
	GlobalSection(SolutionConfigurationPlatforms) = preSolution
		Debug|Any CPU = Debug|Any CPU
		Release|Any CPU = Release|Any CPU
	EndGlobalSection
	GlobalSection(ProjectConfigurationPlatforms) = postSolution
		{BE394B39-AC73-4EF8-8021-30B09A15A224}.Debug|Any CPU.ActiveCfg = Debug|Any CPU
		{BE394B39-AC73-4EF8-8021-30B09A15A224}.Debug|Any CPU.Build.0 = Debug|Any CPU
		{BE394B39-AC73-4EF8-8021-30B09A15A224}.Release|Any CPU.ActiveCfg = Release|Any CPU
		{BE394B39-AC73-4EF8-8021-30B09A15A224}.Release|Any CPU.Build.0 = Release|Any CPU
	EndGlobalSection
	GlobalSection(SolutionProperties) = preSolution
		HideSolutionNode = FALSE
	EndGlobalSection
	GlobalSection(ExtensibilityGlobals) = postSolution
		SolutionGuid = {9EEA9694-BA61-498D-B2C6-607C26067F37}
	EndGlobalSection
EndGlobal
