
Microsoft Visual Studio Solution File, Format Version 12.00
# Visual Studio Version 17
VisualStudioVersion = 17.10.34916.146
MinimumVisualStudioVersion = 10.0.40219.1
Project("{FAE04EC0-301F-11D3-BF4B-00C04F79EFBC}") = "VP_kolokviumska_kol2", "VP_kolokviumska_kol2\VP_kolokviumska_kol2.csproj", "{20B7B841-3022-4D81-9C08-F66891A4C5E6}"
EndProject
Global
	GlobalSection(SolutionConfigurationPlatforms) = preSolution
		Debug|Any CPU = Debug|Any CPU
		Release|Any CPU = Release|Any CPU
	EndGlobalSection
	GlobalSection(ProjectConfigurationPlatforms) = postSolution
		{20B7B841-3022-4D81-9C08-F66891A4C5E6}.Debug|Any CPU.ActiveCfg = Debug|Any CPU
		{20B7B841-3022-4D81-9C08-F66891A4C5E6}.Debug|Any CPU.Build.0 = Debug|Any CPU
		{20B7B841-3022-4D81-9C08-F66891A4C5E6}.Release|Any CPU.ActiveCfg = Release|Any CPU
		{20B7B841-3022-4D81-9C08-F66891A4C5E6}.Release|Any CPU.Build.0 = Release|Any CPU
	EndGlobalSection
	GlobalSection(SolutionProperties) = preSolution
		HideSolutionNode = FALSE
	EndGlobalSection
	GlobalSection(ExtensibilityGlobals) = postSolution
		SolutionGuid = {F54DFBA4-3C7A-4412-9AFC-E9C864EB93F5}
	EndGlobalSection
EndGlobal
