
Microsoft Visual Studio Solution File, Format Version 12.00
# Visual Studio Version 17
VisualStudioVersion = 17.9.34622.214
MinimumVisualStudioVersion = 10.0.40219.1
Project("{FAE04EC0-301F-11D3-BF4B-00C04F79EFBC}") = "VP_aud_kol2_hangman", "VP_aud_kol2_hangman\VP_aud_kol2_hangman.csproj", "{F7C69AE7-EDE8-44B0-8ACC-1B8559D558B8}"
EndProject
Global
	GlobalSection(SolutionConfigurationPlatforms) = preSolution
		Debug|Any CPU = Debug|Any CPU
		Release|Any CPU = Release|Any CPU
	EndGlobalSection
	GlobalSection(ProjectConfigurationPlatforms) = postSolution
		{F7C69AE7-EDE8-44B0-8ACC-1B8559D558B8}.Debug|Any CPU.ActiveCfg = Debug|Any CPU
		{F7C69AE7-EDE8-44B0-8ACC-1B8559D558B8}.Debug|Any CPU.Build.0 = Debug|Any CPU
		{F7C69AE7-EDE8-44B0-8ACC-1B8559D558B8}.Release|Any CPU.ActiveCfg = Release|Any CPU
		{F7C69AE7-EDE8-44B0-8ACC-1B8559D558B8}.Release|Any CPU.Build.0 = Release|Any CPU
	EndGlobalSection
	GlobalSection(SolutionProperties) = preSolution
		HideSolutionNode = FALSE
	EndGlobalSection
	GlobalSection(ExtensibilityGlobals) = postSolution
		SolutionGuid = {C8A365F1-B823-4B2F-A6BB-20E15A2AF367}
	EndGlobalSection
EndGlobal
